
Microsoft Visual Studio Solution File, Format Version 12.00
Project("{FAE04EC0-301F-11D3-BF4B-00C04F79EFBC}") = "Asv.Audio", "Asv.Audio\Asv.Audio.csproj", "{218D6F3C-7E3E-4474-A6FE-79DBE8CBF2BC}"
EndProject
Project("{FAE04EC0-301F-11D3-BF4B-00C04F79EFBC}") = "Asv.Audio.Codec.Opus", "Asv.Audio.Codec.Opus\Asv.Audio.Codec.Opus.csproj", "{676B0D92-0D03-4121-B104-D5C188549EC8}"
EndProject
Project("{FAE04EC0-301F-11D3-BF4B-00C04F79EFBC}") = "Asv.Audio.Shell", "Asv.Audio.Shell\Asv.Audio.Shell.csproj", "{B375FB4E-0E43-4D00-90C7-675866A6CD0C}"
EndProject
Project("{FAE04EC0-301F-11D3-BF4B-00C04F79EFBC}") = "Asv.Audio.Source.Windows", "Asv.Audio.Source.Windows\Asv.Audio.Source.Windows.csproj", "{AAEC7A27-C5D0-41F7-A267-B750F3474A20}"
EndProject
Project("{2150E333-8FDC-42A3-9474-1A3956D46DE8}") = "Solution Items", "Solution Items", "{9AE4B520-4C66-473C-AC3B-56E7CF2A4411}"
	ProjectSection(SolutionItems) = preProject
		Directory.Build.props = Directory.Build.props
		..\.gitignore = ..\.gitignore
		..\LICENSE = ..\LICENSE
		..\README.md = ..\README.md
	EndProjectSection
EndProject
Project("{FAE04EC0-301F-11D3-BF4B-00C04F79EFBC}") = "Asv.Audio.Test", "Asv.Audio.Test\Asv.Audio.Test.csproj", "{CBF63B8C-D827-42D5-8895-AA7F5A7B121A}"
EndProject
Project("{2150E333-8FDC-42A3-9474-1A3956D46DE8}") = "Codec", "Codec", "{2201E7E6-9321-4193-AA27-A54D4298721B}"
EndProject
Project("{2150E333-8FDC-42A3-9474-1A3956D46DE8}") = "Source", "Source", "{B2293F01-D6D2-445A-9CAE-FE2815164CCC}"
EndProject
Global
	GlobalSection(SolutionConfigurationPlatforms) = preSolution
		Debug|Any CPU = Debug|Any CPU
		Release|Any CPU = Release|Any CPU
	EndGlobalSection
	GlobalSection(ProjectConfigurationPlatforms) = postSolution
		{218D6F3C-7E3E-4474-A6FE-79DBE8CBF2BC}.Debug|Any CPU.ActiveCfg = Debug|Any CPU
		{218D6F3C-7E3E-4474-A6FE-79DBE8CBF2BC}.Debug|Any CPU.Build.0 = Debug|Any CPU
		{218D6F3C-7E3E-4474-A6FE-79DBE8CBF2BC}.Release|Any CPU.ActiveCfg = Release|Any CPU
		{218D6F3C-7E3E-4474-A6FE-79DBE8CBF2BC}.Release|Any CPU.Build.0 = Release|Any CPU
		{676B0D92-0D03-4121-B104-D5C188549EC8}.Debug|Any CPU.ActiveCfg = Debug|Any CPU
		{676B0D92-0D03-4121-B104-D5C188549EC8}.Debug|Any CPU.Build.0 = Debug|Any CPU
		{676B0D92-0D03-4121-B104-D5C188549EC8}.Release|Any CPU.ActiveCfg = Release|Any CPU
		{676B0D92-0D03-4121-B104-D5C188549EC8}.Release|Any CPU.Build.0 = Release|Any CPU
		{B375FB4E-0E43-4D00-90C7-675866A6CD0C}.Debug|Any CPU.ActiveCfg = Debug|Any CPU
		{B375FB4E-0E43-4D00-90C7-675866A6CD0C}.Debug|Any CPU.Build.0 = Debug|Any CPU
		{B375FB4E-0E43-4D00-90C7-675866A6CD0C}.Release|Any CPU.ActiveCfg = Release|Any CPU
		{B375FB4E-0E43-4D00-90C7-675866A6CD0C}.Release|Any CPU.Build.0 = Release|Any CPU
		{AAEC7A27-C5D0-41F7-A267-B750F3474A20}.Debug|Any CPU.ActiveCfg = Debug|Any CPU
		{AAEC7A27-C5D0-41F7-A267-B750F3474A20}.Debug|Any CPU.Build.0 = Debug|Any CPU
		{AAEC7A27-C5D0-41F7-A267-B750F3474A20}.Release|Any CPU.ActiveCfg = Release|Any CPU
		{AAEC7A27-C5D0-41F7-A267-B750F3474A20}.Release|Any CPU.Build.0 = Release|Any CPU
		{CBF63B8C-D827-42D5-8895-AA7F5A7B121A}.Debug|Any CPU.ActiveCfg = Debug|Any CPU
		{CBF63B8C-D827-42D5-8895-AA7F5A7B121A}.Debug|Any CPU.Build.0 = Debug|Any CPU
		{CBF63B8C-D827-42D5-8895-AA7F5A7B121A}.Release|Any CPU.ActiveCfg = Release|Any CPU
		{CBF63B8C-D827-42D5-8895-AA7F5A7B121A}.Release|Any CPU.Build.0 = Release|Any CPU
	EndGlobalSection
	GlobalSection(NestedProjects) = preSolution
		{676B0D92-0D03-4121-B104-D5C188549EC8} = {2201E7E6-9321-4193-AA27-A54D4298721B}
		{AAEC7A27-C5D0-41F7-A267-B750F3474A20} = {B2293F01-D6D2-445A-9CAE-FE2815164CCC}
	EndGlobalSection
EndGlobal
